// !$*UTF8*$!
{
	archiveVersion = 1;
	classes = {
	};
	objectVersion = 46;
	objects = {

/* Begin PBXBuildFile section */
		98E0D12A16461A6A00375B98 /* UIKit.framework in Frameworks */ = {isa = PBXBuildFile; fileRef = 98E0D12916461A6A00375B98 /* UIKit.framework */; };
		98E0D12C16461A6A00375B98 /* Foundation.framework in Frameworks */ = {isa = PBXBuildFile; fileRef = 98E0D12B16461A6A00375B98 /* Foundation.framework */; };
		98E0D12E16461A6A00375B98 /* CoreGraphics.framework in Frameworks */ = {isa = PBXBuildFile; fileRef = 98E0D12D16461A6A00375B98 /* CoreGraphics.framework */; };
		98E0D13416461A6A00375B98 /* InfoPlist.strings in Resources */ = {isa = PBXBuildFile; fileRef = 98E0D13216461A6A00375B98 /* InfoPlist.strings */; };
		98E0D13616461A6A00375B98 /* main.m in Sources */ = {isa = PBXBuildFile; fileRef = 98E0D13516461A6A00375B98 /* main.m */; };
		98E0D13A16461A6A00375B98 /* ADKAppDelegate.m in Sources */ = {isa = PBXBuildFile; fileRef = 98E0D13916461A6A00375B98 /* ADKAppDelegate.m */; };
		98E0D13D16461A6A00375B98 /* ADKViewController.m in Sources */ = {isa = PBXBuildFile; fileRef = 98E0D13C16461A6A00375B98 /* ADKViewController.m */; };
		98E0D14016461A6A00375B98 /* ADKViewController.xib in Resources */ = {isa = PBXBuildFile; fileRef = 98E0D13E16461A6A00375B98 /* ADKViewController.xib */; };
		98E0D14816461AC400375B98 /* ADKAudioGraph.m in Sources */ = {isa = PBXBuildFile; fileRef = 98E0D14716461AC400375B98 /* ADKAudioGraph.m */; };
		98E0D14A16461B1400375B98 /* AudioToolbox.framework in Frameworks */ = {isa = PBXBuildFile; fileRef = 98E0D14916461B1400375B98 /* AudioToolbox.framework */; };
		98E0D14C16462DA900375B98 /* doubledrone.m4a in Resources */ = {isa = PBXBuildFile; fileRef = 98E0D14B16462D6D00375B98 /* doubledrone.m4a */; };
		98E0D14E1646313A00375B98 /* seamus_small.png in Resources */ = {isa = PBXBuildFile; fileRef = 98E0D14D1646313A00375B98 /* seamus_small.png */; };
		98E0D1501646315A00375B98 /* seamus_retina.png in Resources */ = {isa = PBXBuildFile; fileRef = 98E0D14F1646315A00375B98 /* seamus_retina.png */; };
/* End PBXBuildFile section */

/* Begin PBXFileReference section */
		98E0D12516461A6A00375B98 /* Sligo.app */ = {isa = PBXFileReference; explicitFileType = wrapper.application; includeInIndex = 0; path = Sligo.app; sourceTree = BUILT_PRODUCTS_DIR; };
		98E0D12916461A6A00375B98 /* UIKit.framework */ = {isa = PBXFileReference; lastKnownFileType = wrapper.framework; name = UIKit.framework; path = System/Library/Frameworks/UIKit.framework; sourceTree = SDKROOT; };
		98E0D12B16461A6A00375B98 /* Foundation.framework */ = {isa = PBXFileReference; lastKnownFileType = wrapper.framework; name = Foundation.framework; path = System/Library/Frameworks/Foundation.framework; sourceTree = SDKROOT; };
		98E0D12D16461A6A00375B98 /* CoreGraphics.framework */ = {isa = PBXFileReference; lastKnownFileType = wrapper.framework; name = CoreGraphics.framework; path = System/Library/Frameworks/CoreGraphics.framework; sourceTree = SDKROOT; };
		98E0D13116461A6A00375B98 /* Sligo-Info.plist */ = {isa = PBXFileReference; lastKnownFileType = text.plist.xml; path = "Sligo-Info.plist"; sourceTree = "<group>"; };
		98E0D13316461A6A00375B98 /* en */ = {isa = PBXFileReference; lastKnownFileType = text.plist.strings; name = en; path = en.lproj/InfoPlist.strings; sourceTree = "<group>"; };
		98E0D13516461A6A00375B98 /* main.m */ = {isa = PBXFileReference; lastKnownFileType = sourcecode.c.objc; path = main.m; sourceTree = "<group>"; };
		98E0D13716461A6A00375B98 /* Sligo-Prefix.pch */ = {isa = PBXFileReference; lastKnownFileType = sourcecode.c.h; path = "Sligo-Prefix.pch"; sourceTree = "<group>"; };
		98E0D13816461A6A00375B98 /* ADKAppDelegate.h */ = {isa = PBXFileReference; lastKnownFileType = sourcecode.c.h; path = ADKAppDelegate.h; sourceTree = "<group>"; };
		98E0D13916461A6A00375B98 /* ADKAppDelegate.m */ = {isa = PBXFileReference; lastKnownFileType = sourcecode.c.objc; path = ADKAppDelegate.m; sourceTree = "<group>"; };
		98E0D13B16461A6A00375B98 /* ADKViewController.h */ = {isa = PBXFileReference; lastKnownFileType = sourcecode.c.h; path = ADKViewController.h; sourceTree = "<group>"; };
		98E0D13C16461A6A00375B98 /* ADKViewController.m */ = {isa = PBXFileReference; lastKnownFileType = sourcecode.c.objc; path = ADKViewController.m; sourceTree = "<group>"; };
		98E0D13F16461A6A00375B98 /* en */ = {isa = PBXFileReference; lastKnownFileType = file.xib; name = en; path = en.lproj/ADKViewController.xib; sourceTree = "<group>"; };
		98E0D14616461AC400375B98 /* ADKAudioGraph.h */ = {isa = PBXFileReference; fileEncoding = 4; lastKnownFileType = sourcecode.c.h; path = ADKAudioGraph.h; sourceTree = "<group>"; };
		98E0D14716461AC400375B98 /* ADKAudioGraph.m */ = {isa = PBXFileReference; fileEncoding = 4; lastKnownFileType = sourcecode.c.objc; path = ADKAudioGraph.m; sourceTree = "<group>"; };
		98E0D14916461B1400375B98 /* AudioToolbox.framework */ = {isa = PBXFileReference; lastKnownFileType = wrapper.framework; name = AudioToolbox.framework; path = System/Library/Frameworks/AudioToolbox.framework; sourceTree = SDKROOT; };
		98E0D14B16462D6D00375B98 /* doubledrone.m4a */ = {isa = PBXFileReference; lastKnownFileType = file; path = doubledrone.m4a; sourceTree = "<group>"; };
		98E0D14D1646313A00375B98 /* seamus_small.png */ = {isa = PBXFileReference; lastKnownFileType = image.png; path = seamus_small.png; sourceTree = "<group>"; };
		98E0D14F1646315A00375B98 /* seamus_retina.png */ = {isa = PBXFileReference; lastKnownFileType = image.png; path = seamus_retina.png; sourceTree = "<group>"; };
/* End PBXFileReference section */

/* Begin PBXFrameworksBuildPhase section */
		98E0D12216461A6A00375B98 /* Frameworks */ = {
			isa = PBXFrameworksBuildPhase;
			buildActionMask = 2147483647;
			files = (
				98E0D14A16461B1400375B98 /* AudioToolbox.framework in Frameworks */,
				98E0D12A16461A6A00375B98 /* UIKit.framework in Frameworks */,
				98E0D12C16461A6A00375B98 /* Foundation.framework in Frameworks */,
				98E0D12E16461A6A00375B98 /* CoreGraphics.framework in Frameworks */,
			);
			runOnlyForDeploymentPostprocessing = 0;
		};
/* End PBXFrameworksBuildPhase section */

/* Begin PBXGroup section */
		98E0D11A16461A6A00375B98 = {
			isa = PBXGroup;
			children = (
				98E0D14F1646315A00375B98 /* seamus_retina.png */,
				98E0D14D1646313A00375B98 /* seamus_small.png */,
				98E0D14916461B1400375B98 /* AudioToolbox.framework */,
				98E0D12F16461A6A00375B98 /* Sligo */,
				98E0D12816461A6A00375B98 /* Frameworks */,
				98E0D12616461A6A00375B98 /* Products */,
			);
			sourceTree = "<group>";
		};
		98E0D12616461A6A00375B98 /* Products */ = {
			isa = PBXGroup;
			children = (
				98E0D12516461A6A00375B98 /* Sligo.app */,
			);
			name = Products;
			sourceTree = "<group>";
		};
		98E0D12816461A6A00375B98 /* Frameworks */ = {
			isa = PBXGroup;
			children = (
				98E0D12916461A6A00375B98 /* UIKit.framework */,
				98E0D12B16461A6A00375B98 /* Foundation.framework */,
				98E0D12D16461A6A00375B98 /* CoreGraphics.framework */,
			);
			name = Frameworks;
			sourceTree = "<group>";
		};
		98E0D12F16461A6A00375B98 /* Sligo */ = {
			isa = PBXGroup;
			children = (
				98E0D13816461A6A00375B98 /* ADKAppDelegate.h */,
				98E0D13916461A6A00375B98 /* ADKAppDelegate.m */,
				98E0D13B16461A6A00375B98 /* ADKViewController.h */,
				98E0D13C16461A6A00375B98 /* ADKViewController.m */,
				98E0D14616461AC400375B98 /* ADKAudioGraph.h */,
				98E0D14716461AC400375B98 /* ADKAudioGraph.m */,
				98E0D13E16461A6A00375B98 /* ADKViewController.xib */,
				98E0D13016461A6A00375B98 /* Supporting Files */,
			);
			path = Sligo;
			sourceTree = "<group>";
		};
		98E0D13016461A6A00375B98 /* Supporting Files */ = {
			isa = PBXGroup;
			children = (
				98E0D14B16462D6D00375B98 /* doubledrone.m4a */,
				98E0D13116461A6A00375B98 /* Sligo-Info.plist */,
				98E0D13216461A6A00375B98 /* InfoPlist.strings */,
				98E0D13516461A6A00375B98 /* main.m */,
				98E0D13716461A6A00375B98 /* Sligo-Prefix.pch */,
			);
			name = "Supporting Files";
			sourceTree = "<group>";
		};
/* End PBXGroup section */

/* Begin PBXNativeTarget section */
		98E0D12416461A6A00375B98 /* Sligo */ = {
			isa = PBXNativeTarget;
			buildConfigurationList = 98E0D14316461A6A00375B98 /* Build configuration list for PBXNativeTarget "Sligo" */;
			buildPhases = (
				98E0D12116461A6A00375B98 /* Sources */,
				98E0D12216461A6A00375B98 /* Frameworks */,
				98E0D12316461A6A00375B98 /* Resources */,
			);
			buildRules = (
			);
			dependencies = (
			);
			name = Sligo;
			productName = Sligo;
			productReference = 98E0D12516461A6A00375B98 /* Sligo.app */;
			productType = "com.apple.product-type.application";
		};
/* End PBXNativeTarget section */

/* Begin PBXProject section */
		98E0D11C16461A6A00375B98 /* Project object */ = {
			isa = PBXProject;
			attributes = {
				CLASSPREFIX = ADK;
				LastUpgradeCheck = 0430;
			};
			buildConfigurationList = 98E0D11F16461A6A00375B98 /* Build configuration list for PBXProject "Sligo" */;
			compatibilityVersion = "Xcode 3.2";
			developmentRegion = English;
			hasScannedForEncodings = 0;
			knownRegions = (
				en,
			);
			mainGroup = 98E0D11A16461A6A00375B98;
			productRefGroup = 98E0D12616461A6A00375B98 /* Products */;
			projectDirPath = "";
			projectRoot = "";
			targets = (
				98E0D12416461A6A00375B98 /* Sligo */,
			);
		};
/* End PBXProject section */

/* Begin PBXResourcesBuildPhase section */
		98E0D12316461A6A00375B98 /* Resources */ = {
			isa = PBXResourcesBuildPhase;
			buildActionMask = 2147483647;
			files = (
				98E0D14C16462DA900375B98 /* doubledrone.m4a in Resources */,
				98E0D13416461A6A00375B98 /* InfoPlist.strings in Resources */,
				98E0D14016461A6A00375B98 /* ADKViewController.xib in Resources */,
				98E0D14E1646313A00375B98 /* seamus_small.png in Resources */,
				98E0D1501646315A00375B98 /* seamus_retina.png in Resources */,
			);
			runOnlyForDeploymentPostprocessing = 0;
		};
/* End PBXResourcesBuildPhase section */

/* Begin PBXSourcesBuildPhase section */
		98E0D12116461A6A00375B98 /* Sources */ = {
			isa = PBXSourcesBuildPhase;
			buildActionMask = 2147483647;
			files = (
				98E0D13616461A6A00375B98 /* main.m in Sources */,
				98E0D13A16461A6A00375B98 /* ADKAppDelegate.m in Sources */,
				98E0D13D16461A6A00375B98 /* ADKViewController.m in Sources */,
				98E0D14816461AC400375B98 /* ADKAudioGraph.m in Sources */,
			);
			runOnlyForDeploymentPostprocessing = 0;
		};
/* End PBXSourcesBuildPhase section */

/* Begin PBXVariantGroup section */
		98E0D13216461A6A00375B98 /* InfoPlist.strings */ = {
			isa = PBXVariantGroup;
			children = (
				98E0D13316461A6A00375B98 /* en */,
			);
			name = InfoPlist.strings;
			sourceTree = "<group>";
		};
		98E0D13E16461A6A00375B98 /* ADKViewController.xib */ = {
			isa = PBXVariantGroup;
			children = (
				98E0D13F16461A6A00375B98 /* en */,
			);
			name = ADKViewController.xib;
			sourceTree = "<group>";
		};
/* End PBXVariantGroup section */

/* Begin XCBuildConfiguration section */
		98E0D14116461A6A00375B98 /* Debug */ = {
			isa = XCBuildConfiguration;
			buildSettings = {
				ALWAYS_SEARCH_USER_PATHS = NO;
				ARCHS = "$(ARCHS_STANDARD_32_BIT)";
				CLANG_ENABLE_OBJC_ARC = YES;
				"CODE_SIGN_IDENTITY[sdk=iphoneos*]" = "iPhone Developer";
				COPY_PHASE_STRIP = NO;
				GCC_C_LANGUAGE_STANDARD = gnu99;
				GCC_DYNAMIC_NO_PIC = NO;
				GCC_OPTIMIZATION_LEVEL = 0;
				GCC_PREPROCESSOR_DEFINITIONS = (
					"DEBUG=1",
					"$(inherited)",
				);
				GCC_SYMBOLS_PRIVATE_EXTERN = NO;
				GCC_VERSION = com.apple.compilers.llvm.clang.1_0;
				GCC_WARN_ABOUT_RETURN_TYPE = YES;
				GCC_WARN_UNINITIALIZED_AUTOS = YES;
				GCC_WARN_UNUSED_VARIABLE = YES;
				IPHONEOS_DEPLOYMENT_TARGET = 5.1;
				SDKROOT = iphoneos;
			};
			name = Debug;
		};
		98E0D14216461A6A00375B98 /* Release */ = {
			isa = XCBuildConfiguration;
			buildSettings = {
				ALWAYS_SEARCH_USER_PATHS = NO;
				ARCHS = "$(ARCHS_STANDARD_32_BIT)";
				CLANG_ENABLE_OBJC_ARC = YES;
				"CODE_SIGN_IDENTITY[sdk=iphoneos*]" = "iPhone Developer";
				COPY_PHASE_STRIP = YES;
				GCC_C_LANGUAGE_STANDARD = gnu99;
				GCC_VERSION = com.apple.compilers.llvm.clang.1_0;
				GCC_WARN_ABOUT_RETURN_TYPE = YES;
				GCC_WARN_UNINITIALIZED_AUTOS = YES;
				GCC_WARN_UNUSED_VARIABLE = YES;
				IPHONEOS_DEPLOYMENT_TARGET = 5.1;
				OTHER_CFLAGS = "-DNS_BLOCK_ASSERTIONS=1";
				SDKROOT = iphoneos;
				VALIDATE_PRODUCT = YES;
			};
			name = Release;
		};
		98E0D14416461A6A00375B98 /* Debug */ = {
			isa = XCBuildConfiguration;
			buildSettings = {
				GCC_PRECOMPILE_PREFIX_HEADER = YES;
				GCC_PREFIX_HEADER = "Sligo/Sligo-Prefix.pch";
				INFOPLIST_FILE = "Sligo/Sligo-Info.plist";
				PRODUCT_NAME = "$(TARGET_NAME)";
				WRAPPER_EXTENSION = app;
			};
			name = Debug;
		};
		98E0D14516461A6A00375B98 /* Release */ = {
			isa = XCBuildConfiguration;
			buildSettings = {
				GCC_PRECOMPILE_PREFIX_HEADER = YES;
				GCC_PREFIX_HEADER = "Sligo/Sligo-Prefix.pch";
				INFOPLIST_FILE = "Sligo/Sligo-Info.plist";
				PRODUCT_NAME = "$(TARGET_NAME)";
				WRAPPER_EXTENSION = app;
			};
			name = Release;
		};
/* End XCBuildConfiguration section */

/* Begin XCConfigurationList section */
		98E0D11F16461A6A00375B98 /* Build configuration list for PBXProject "Sligo" */ = {
			isa = XCConfigurationList;
			buildConfigurations = (
				98E0D14116461A6A00375B98 /* Debug */,
				98E0D14216461A6A00375B98 /* Release */,
			);
			defaultConfigurationIsVisible = 0;
			defaultConfigurationName = Release;
		};
		98E0D14316461A6A00375B98 /* Build configuration list for PBXNativeTarget "Sligo" */ = {
			isa = XCConfigurationList;
			buildConfigurations = (
				98E0D14416461A6A00375B98 /* Debug */,
				98E0D14516461A6A00375B98 /* Release */,
			);
			defaultConfigurationIsVisible = 0;
		};
/* End XCConfigurationList section */
	};
	rootObject = 98E0D11C16461A6A00375B98 /* Project object */;
}
